
Microsoft Visual Studio Solution File, Format Version 12.00
# Visual Studio 15
VisualStudioVersion = 15.0.27428.2037
MinimumVisualStudioVersion = 10.0.40219.1
Project("{8BC9CEB8-8B4A-11D0-8D11-00A0C91BC942}") = "Pointer to Objects", "Pointer to Objects\Pointer to Objects.vcxproj", "{76DACBAF-69BE-4D7A-A429-B1F347982A26}"
EndProject
Global
	GlobalSection(SolutionConfigurationPlatforms) = preSolution
		Debug|x64 = Debug|x64
		Debug|x86 = Debug|x86
		Release|x64 = Release|x64
		Release|x86 = Release|x86
	EndGlobalSection
	GlobalSection(ProjectConfigurationPlatforms) = postSolution
		{76DACBAF-69BE-4D7A-A429-B1F347982A26}.Debug|x64.ActiveCfg = Debug|x64
		{76DACBAF-69BE-4D7A-A429-B1F347982A26}.Debug|x64.Build.0 = Debug|x64
		{76DACBAF-69BE-4D7A-A429-B1F347982A26}.Debug|x86.ActiveCfg = Debug|Win32
		{76DACBAF-69BE-4D7A-A429-B1F347982A26}.Debug|x86.Build.0 = Debug|Win32
		{76DACBAF-69BE-4D7A-A429-B1F347982A26}.Release|x64.ActiveCfg = Release|x64
		{76DACBAF-69BE-4D7A-A429-B1F347982A26}.Release|x64.Build.0 = Release|x64
		{76DACBAF-69BE-4D7A-A429-B1F347982A26}.Release|x86.ActiveCfg = Release|Win32
		{76DACBAF-69BE-4D7A-A429-B1F347982A26}.Release|x86.Build.0 = Release|Win32
	EndGlobalSection
	GlobalSection(SolutionProperties) = preSolution
		HideSolutionNode = FALSE
	EndGlobalSection
	GlobalSection(ExtensibilityGlobals) = postSolution
		SolutionGuid = {E04E0F9B-5628-492D-A749-DAD5AEADB713}
	EndGlobalSection
EndGlobal
