
Microsoft Visual Studio Solution File, Format Version 12.00
# Visual Studio 15
VisualStudioVersion = 15.0.27428.2037
MinimumVisualStudioVersion = 10.0.40219.1
Project("{8BC9CEB8-8B4A-11D0-8D11-00A0C91BC942}") = "Class Get Name Age", "Class Get Name Age\Class Get Name Age.vcxproj", "{C945AB74-989D-4041-B6BF-CD8BEF0D2F9D}"
EndProject
Global
	GlobalSection(SolutionConfigurationPlatforms) = preSolution
		Debug|x64 = Debug|x64
		Debug|x86 = Debug|x86
		Release|x64 = Release|x64
		Release|x86 = Release|x86
	EndGlobalSection
	GlobalSection(ProjectConfigurationPlatforms) = postSolution
		{C945AB74-989D-4041-B6BF-CD8BEF0D2F9D}.Debug|x64.ActiveCfg = Debug|x64
		{C945AB74-989D-4041-B6BF-CD8BEF0D2F9D}.Debug|x64.Build.0 = Debug|x64
		{C945AB74-989D-4041-B6BF-CD8BEF0D2F9D}.Debug|x86.ActiveCfg = Debug|Win32
		{C945AB74-989D-4041-B6BF-CD8BEF0D2F9D}.Debug|x86.Build.0 = Debug|Win32
		{C945AB74-989D-4041-B6BF-CD8BEF0D2F9D}.Release|x64.ActiveCfg = Release|x64
		{C945AB74-989D-4041-B6BF-CD8BEF0D2F9D}.Release|x64.Build.0 = Release|x64
		{C945AB74-989D-4041-B6BF-CD8BEF0D2F9D}.Release|x86.ActiveCfg = Release|Win32
		{C945AB74-989D-4041-B6BF-CD8BEF0D2F9D}.Release|x86.Build.0 = Release|Win32
	EndGlobalSection
	GlobalSection(SolutionProperties) = preSolution
		HideSolutionNode = FALSE
	EndGlobalSection
	GlobalSection(ExtensibilityGlobals) = postSolution
		SolutionGuid = {5444886B-BDCF-4349-B7C5-A5EC2EEBB3EE}
	EndGlobalSection
EndGlobal
