
Microsoft Visual Studio Solution File, Format Version 12.00
# Visual Studio 15
VisualStudioVersion = 15.0.27428.2037
MinimumVisualStudioVersion = 10.0.40219.1
Project("{8BC9CEB8-8B4A-11D0-8D11-00A0C91BC942}") = "New Delete Create An Array", "New Delete Create An Array\New Delete Create An Array.vcxproj", "{FA0E3577-5789-4B11-B7B2-32B9FF4FA88F}"
EndProject
Global
	GlobalSection(SolutionConfigurationPlatforms) = preSolution
		Debug|x64 = Debug|x64
		Debug|x86 = Debug|x86
		Release|x64 = Release|x64
		Release|x86 = Release|x86
	EndGlobalSection
	GlobalSection(ProjectConfigurationPlatforms) = postSolution
		{FA0E3577-5789-4B11-B7B2-32B9FF4FA88F}.Debug|x64.ActiveCfg = Debug|x64
		{FA0E3577-5789-4B11-B7B2-32B9FF4FA88F}.Debug|x64.Build.0 = Debug|x64
		{FA0E3577-5789-4B11-B7B2-32B9FF4FA88F}.Debug|x86.ActiveCfg = Debug|Win32
		{FA0E3577-5789-4B11-B7B2-32B9FF4FA88F}.Debug|x86.Build.0 = Debug|Win32
		{FA0E3577-5789-4B11-B7B2-32B9FF4FA88F}.Release|x64.ActiveCfg = Release|x64
		{FA0E3577-5789-4B11-B7B2-32B9FF4FA88F}.Release|x64.Build.0 = Release|x64
		{FA0E3577-5789-4B11-B7B2-32B9FF4FA88F}.Release|x86.ActiveCfg = Release|Win32
		{FA0E3577-5789-4B11-B7B2-32B9FF4FA88F}.Release|x86.Build.0 = Release|Win32
	EndGlobalSection
	GlobalSection(SolutionProperties) = preSolution
		HideSolutionNode = FALSE
	EndGlobalSection
	GlobalSection(ExtensibilityGlobals) = postSolution
		SolutionGuid = {866E2F0D-FC5B-4F4D-8552-515DB92CB6C2}
	EndGlobalSection
EndGlobal
